
Microsoft Visual Studio Solution File, Format Version 11.00
# Visual Studio 2010
Project("{FAE04EC0-301F-11D3-BF4B-00C04F79EFBC}") = "BugSnagTest", "Assembly-CSharp-firstpass.csproj", "{0D11E482-5FC8-1281-A6DC-E65292060912}"
EndProject
Global
	GlobalSection(SolutionConfigurationPlatforms) = preSolution
		Debug|Any CPU = Debug|Any CPU
		Release|Any CPU = Release|Any CPU
	EndGlobalSection
	GlobalSection(ProjectConfigurationPlatforms) = postSolution
		{0D11E482-5FC8-1281-A6DC-E65292060912}.Debug|Any CPU.ActiveCfg = Debug|Any CPU
		{0D11E482-5FC8-1281-A6DC-E65292060912}.Debug|Any CPU.Build.0 = Debug|Any CPU
		{0D11E482-5FC8-1281-A6DC-E65292060912}.Release|Any CPU.ActiveCfg = Release|Any CPU
		{0D11E482-5FC8-1281-A6DC-E65292060912}.Release|Any CPU.Build.0 = Release|Any CPU
	EndGlobalSection
	GlobalSection(SolutionProperties) = preSolution
		HideSolutionNode = FALSE
	EndGlobalSection
	GlobalSection(MonoDevelopProperties) = preSolution
		StartupItem = Assembly-CSharp.csproj
	EndGlobalSection
EndGlobal
